
Microsoft Visual Studio Solution File, Format Version 12.00
# Visual Studio Version 17
VisualStudioVersion = 17.8.34330.188
MinimumVisualStudioVersion = 10.0.40219.1
Project("{9A19103F-16F7-4668-BE54-9A1E7A4F7556}") = "GetStartedApp", "GetStartedApp\GetStartedApp.csproj", "{B9AD061B-1117-4D53-B874-C1B917258B66}"
EndProject
Project("{9A19103F-16F7-4668-BE54-9A1E7A4F7556}") = "GetStartedApp.Desktop", "GetStartedApp.Desktop\GetStartedApp.Desktop.csproj", "{0CC60749-CFA9-4903-B271-75EA4014862A}"
EndProject
Project("{FAE04EC0-301F-11D3-BF4B-00C04F79EFBC}") = "RiftEconomistProcessor", "RiftEconomistProcessor\RiftEconomistProcessor.csproj", "{52829F8E-510B-4E8B-8939-42F09B6F3CB0}"
EndProject
Global
	GlobalSection(SolutionConfigurationPlatforms) = preSolution
		Debug|Any CPU = Debug|Any CPU
		Release|Any CPU = Release|Any CPU
	EndGlobalSection
	GlobalSection(ProjectConfigurationPlatforms) = postSolution
		{B9AD061B-1117-4D53-B874-C1B917258B66}.Debug|Any CPU.ActiveCfg = Debug|Any CPU
		{B9AD061B-1117-4D53-B874-C1B917258B66}.Debug|Any CPU.Build.0 = Debug|Any CPU
		{B9AD061B-1117-4D53-B874-C1B917258B66}.Release|Any CPU.ActiveCfg = Release|Any CPU
		{B9AD061B-1117-4D53-B874-C1B917258B66}.Release|Any CPU.Build.0 = Release|Any CPU
		{0CC60749-CFA9-4903-B271-75EA4014862A}.Debug|Any CPU.ActiveCfg = Debug|Any CPU
		{0CC60749-CFA9-4903-B271-75EA4014862A}.Debug|Any CPU.Build.0 = Debug|Any CPU
		{0CC60749-CFA9-4903-B271-75EA4014862A}.Release|Any CPU.ActiveCfg = Release|Any CPU
		{0CC60749-CFA9-4903-B271-75EA4014862A}.Release|Any CPU.Build.0 = Release|Any CPU
		{52829F8E-510B-4E8B-8939-42F09B6F3CB0}.Debug|Any CPU.ActiveCfg = Debug|Any CPU
		{52829F8E-510B-4E8B-8939-42F09B6F3CB0}.Debug|Any CPU.Build.0 = Debug|Any CPU
		{52829F8E-510B-4E8B-8939-42F09B6F3CB0}.Release|Any CPU.ActiveCfg = Release|Any CPU
		{52829F8E-510B-4E8B-8939-42F09B6F3CB0}.Release|Any CPU.Build.0 = Release|Any CPU
	EndGlobalSection
	GlobalSection(SolutionProperties) = preSolution
		HideSolutionNode = FALSE
	EndGlobalSection
	GlobalSection(ExtensibilityGlobals) = postSolution
		SolutionGuid = {EFCD38E8-03DD-436D-B7B2-CF00724BB919}
	EndGlobalSection
EndGlobal
